
Microsoft Visual Studio Solution File, Format Version 12.00
# Visual Studio 15
VisualStudioVersion = 15.0.27703.2026
MinimumVisualStudioVersion = 10.0.40219.1
Project("{FAE04EC0-301F-11D3-BF4B-00C04F79EFBC}") = "QuickNavigator", "QuickNavigator\QuickNavigator.csproj", "{37FEB0D1-7825-48E9-B653-4DA932EB68C6}"
EndProject
Global
	GlobalSection(SolutionConfigurationPlatforms) = preSolution
		Debug|Any CPU = Debug|Any CPU
		Release|Any CPU = Release|Any CPU
	EndGlobalSection
	GlobalSection(ProjectConfigurationPlatforms) = postSolution
		{37FEB0D1-7825-48E9-B653-4DA932EB68C6}.Debug|Any CPU.ActiveCfg = Debug|Any CPU
		{37FEB0D1-7825-48E9-B653-4DA932EB68C6}.Debug|Any CPU.Build.0 = Debug|Any CPU
		{37FEB0D1-7825-48E9-B653-4DA932EB68C6}.Release|Any CPU.ActiveCfg = Release|Any CPU
		{37FEB0D1-7825-48E9-B653-4DA932EB68C6}.Release|Any CPU.Build.0 = Release|Any CPU
	EndGlobalSection
	GlobalSection(SolutionProperties) = preSolution
		HideSolutionNode = FALSE
	EndGlobalSection
	GlobalSection(ExtensibilityGlobals) = postSolution
		SolutionGuid = {1AFD3996-B7AE-4514-86EC-67FF0C4E6B0A}
	EndGlobalSection
EndGlobal
